
Microsoft Visual Studio Solution File, Format Version 12.00
# Visual Studio Version 16
VisualStudioVersion = 16.0.30204.135
MinimumVisualStudioVersion = 10.0.40219.1
Project("{FAE04EC0-301F-11D3-BF4B-00C04F79EFBC}") = "Notepad", "Notepad\Notepad.csproj", "{37573294-B97E-4A42-A16B-2AC7DD5B130D}"
EndProject
Global
	GlobalSection(SolutionConfigurationPlatforms) = preSolution
		Debug|Any CPU = Debug|Any CPU
		Release|Any CPU = Release|Any CPU
	EndGlobalSection
	GlobalSection(ProjectConfigurationPlatforms) = postSolution
		{37573294-B97E-4A42-A16B-2AC7DD5B130D}.Debug|Any CPU.ActiveCfg = Debug|Any CPU
		{37573294-B97E-4A42-A16B-2AC7DD5B130D}.Debug|Any CPU.Build.0 = Debug|Any CPU
		{37573294-B97E-4A42-A16B-2AC7DD5B130D}.Release|Any CPU.ActiveCfg = Release|Any CPU
		{37573294-B97E-4A42-A16B-2AC7DD5B130D}.Release|Any CPU.Build.0 = Release|Any CPU
	EndGlobalSection
	GlobalSection(SolutionProperties) = preSolution
		HideSolutionNode = FALSE
	EndGlobalSection
	GlobalSection(ExtensibilityGlobals) = postSolution
		SolutionGuid = {2FE08FE0-1EBB-4FF2-9970-DCDE19D9397C}
	EndGlobalSection
EndGlobal
